# This file is automatically @generated by Cargo.
# It is not intended for manual editing.
# SPDX-License-Identifier: Apache-2.0
version = 4

[[package]]
name = "yarm"
version = "0.1.0"
dependencies = [
 "yarm-ipc-abi",
 "yarm-kernel",
 "yarm-srv-common",
]

[[package]]
name = "yarm-compat-servers"
version = "0.1.0"
dependencies = [
 "yarm-server-runtime",
]

[[package]]
name = "yarm-control-plane-servers"
version = "0.1.0"
dependencies = [
 "yarm-fs-servers",
 "yarm-ipc-abi",
 "yarm-server-runtime",
 "yarm-srv-common",
 "yarm-user-rt",
]

[[package]]
name = "yarm-driver-servers"
version = "0.1.0"
dependencies = [
 "yarm-fs-servers",
 "yarm-ipc-abi",
 "yarm-server-runtime",
 "yarm-user-rt",
]

[[package]]
name = "yarm-freestanding-alloc"
version = "0.1.0"

[[package]]
name = "yarm-fs-servers"
version = "0.1.0"
dependencies = [
 "yarm-ipc-abi",
 "yarm-server-runtime",
 "yarm-srv-common",
 "yarm-user-rt",
]

[[package]]
name = "yarm-ipc-abi"
version = "0.1.0"

[[package]]
name = "yarm-kernel"
version = "0.1.0"

[[package]]
name = "yarm-network-servers"
version = "0.1.0"
dependencies = [
 "yarm-server-runtime",
 "yarm-user-rt",
]

[[package]]
name = "yarm-runtime-tools"
version = "0.1.0"
dependencies = [
 "yarm",
]

[[package]]
name = "yarm-server-runtime"
version = "0.1.0"
dependencies = [
 "yarm-freestanding-alloc",
 "yarm-ipc-abi",
 "yarm-user-rt",
]

[[package]]
name = "yarm-srv-common"
version = "0.1.0"
dependencies = [
 "yarm-ipc-abi",
]

[[package]]
name = "yarm-ui-servers"
version = "0.1.0"
dependencies = [
 "yarm-server-runtime",
 "yarm-user-rt",
]

[[package]]
name = "yarm-user-rt"
version = "0.1.0"
dependencies = [
 "yarm-ipc-abi",
 "yarm-kernel",
]
