# This file is automatically @generated by Cargo.
# It is not intended for manual editing.
# SPDX-License-Identifier: Apache-2.0
version = 4

[[package]]
name = "yarm"
version = "0.1.0"
dependencies = [
 "yarm-ipc-abi",
 "yarm-kernel",
 "yarm-srv-common",
]

[[package]]
name = "yarm-ipc-abi"
version = "0.1.0"

[[package]]
name = "yarm-kernel"
version = "0.1.0"

[[package]]
name = "yarm-srv-common"
version = "0.1.0"
dependencies = [
 "yarm-ipc-abi",
]
